// !$*UTF8*$!
{
	archiveVersion = 1;
	classes = {
	};
	objectVersion = 50;
	objects = {

/* Begin PBXBuildFile section */
		999C8E8F2685F07000418C31 /* AppDelegate.swift in Sources */ = {isa = PBXBuildFile; fileRef = 999C8E8E2685F07000418C31 /* AppDelegate.swift */; };
		999C8E912685F07000418C31 /* SceneDelegate.swift in Sources */ = {isa = PBXBuildFile; fileRef = 999C8E902685F07000418C31 /* SceneDelegate.swift */; };
		999C8E932685F07000418C31 /* MovieViewController.swift in Sources */ = {isa = PBXBuildFile; fileRef = 999C8E922685F07000418C31 /* MovieViewController.swift */; };
		999C8E962685F07000418C31 /* Main.storyboard in Resources */ = {isa = PBXBuildFile; fileRef = 999C8E942685F07000418C31 /* Main.storyboard */; };
		999C8E982685F07200418C31 /* Assets.xcassets in Resources */ = {isa = PBXBuildFile; fileRef = 999C8E972685F07200418C31 /* Assets.xcassets */; };
		999C8E9B2685F07200418C31 /* LaunchScreen.storyboard in Resources */ = {isa = PBXBuildFile; fileRef = 999C8E992685F07200418C31 /* LaunchScreen.storyboard */; };
		999C8EA32685F4AE00418C31 /* NetworkService.swift in Sources */ = {isa = PBXBuildFile; fileRef = 999C8EA22685F4AE00418C31 /* NetworkService.swift */; };
		999C8EA52685F4D500418C31 /* MediaContent.swift in Sources */ = {isa = PBXBuildFile; fileRef = 999C8EA42685F4D500418C31 /* MediaContent.swift */; };
/* End PBXBuildFile section */

/* Begin PBXFileReference section */
		999C8E8B2685F07000418C31 /* iTunesAPIChecker.app */ = {isa = PBXFileReference; explicitFileType = wrapper.application; includeInIndex = 0; path = iTunesAPIChecker.app; sourceTree = BUILT_PRODUCTS_DIR; };
		999C8E8E2685F07000418C31 /* AppDelegate.swift */ = {isa = PBXFileReference; lastKnownFileType = sourcecode.swift; path = AppDelegate.swift; sourceTree = "<group>"; };
		999C8E902685F07000418C31 /* SceneDelegate.swift */ = {isa = PBXFileReference; lastKnownFileType = sourcecode.swift; path = SceneDelegate.swift; sourceTree = "<group>"; };
		999C8E922685F07000418C31 /* MovieViewController.swift */ = {isa = PBXFileReference; lastKnownFileType = sourcecode.swift; path = MovieViewController.swift; sourceTree = "<group>"; };
		999C8E952685F07000418C31 /* Base */ = {isa = PBXFileReference; lastKnownFileType = file.storyboard; name = Base; path = Base.lproj/Main.storyboard; sourceTree = "<group>"; };
		999C8E972685F07200418C31 /* Assets.xcassets */ = {isa = PBXFileReference; lastKnownFileType = folder.assetcatalog; path = Assets.xcassets; sourceTree = "<group>"; };
		999C8E9A2685F07200418C31 /* Base */ = {isa = PBXFileReference; lastKnownFileType = file.storyboard; name = Base; path = Base.lproj/LaunchScreen.storyboard; sourceTree = "<group>"; };
		999C8E9C2685F07200418C31 /* Info.plist */ = {isa = PBXFileReference; lastKnownFileType = text.plist.xml; path = Info.plist; sourceTree = "<group>"; };
		999C8EA22685F4AE00418C31 /* NetworkService.swift */ = {isa = PBXFileReference; lastKnownFileType = sourcecode.swift; path = NetworkService.swift; sourceTree = "<group>"; };
		999C8EA42685F4D500418C31 /* MediaContent.swift */ = {isa = PBXFileReference; lastKnownFileType = sourcecode.swift; path = MediaContent.swift; sourceTree = "<group>"; };
/* End PBXFileReference section */

/* Begin PBXFrameworksBuildPhase section */
		999C8E882685F07000418C31 /* Frameworks */ = {
			isa = PBXFrameworksBuildPhase;
			buildActionMask = 2147483647;
			files = (
			);
			runOnlyForDeploymentPostprocessing = 0;
		};
/* End PBXFrameworksBuildPhase section */

/* Begin PBXGroup section */
		999C8E822685F07000418C31 = {
			isa = PBXGroup;
			children = (
				999C8E8D2685F07000418C31 /* iTunesAPIChecker */,
				999C8E8C2685F07000418C31 /* Products */,
			);
			sourceTree = "<group>";
		};
		999C8E8C2685F07000418C31 /* Products */ = {
			isa = PBXGroup;
			children = (
				999C8E8B2685F07000418C31 /* iTunesAPIChecker.app */,
			);
			name = Products;
			sourceTree = "<group>";
		};
		999C8E8D2685F07000418C31 /* iTunesAPIChecker */ = {
			isa = PBXGroup;
			children = (
				999C8E8E2685F07000418C31 /* AppDelegate.swift */,
				999C8E902685F07000418C31 /* SceneDelegate.swift */,
				999C8E922685F07000418C31 /* MovieViewController.swift */,
				999C8EA22685F4AE00418C31 /* NetworkService.swift */,
				999C8EA42685F4D500418C31 /* MediaContent.swift */,
				999C8E942685F07000418C31 /* Main.storyboard */,
				999C8E972685F07200418C31 /* Assets.xcassets */,
				999C8E992685F07200418C31 /* LaunchScreen.storyboard */,
				999C8E9C2685F07200418C31 /* Info.plist */,
			);
			path = iTunesAPIChecker;
			sourceTree = "<group>";
		};
/* End PBXGroup section */

/* Begin PBXNativeTarget section */
		999C8E8A2685F07000418C31 /* iTunesAPIChecker */ = {
			isa = PBXNativeTarget;
			buildConfigurationList = 999C8E9F2685F07200418C31 /* Build configuration list for PBXNativeTarget "iTunesAPIChecker" */;
			buildPhases = (
				999C8E872685F07000418C31 /* Sources */,
				999C8E882685F07000418C31 /* Frameworks */,
				999C8E892685F07000418C31 /* Resources */,
			);
			buildRules = (
			);
			dependencies = (
			);
			name = iTunesAPIChecker;
			productName = iTunesAPIChecker;
			productReference = 999C8E8B2685F07000418C31 /* iTunesAPIChecker.app */;
			productType = "com.apple.product-type.application";
		};
/* End PBXNativeTarget section */

/* Begin PBXProject section */
		999C8E832685F07000418C31 /* Project object */ = {
			isa = PBXProject;
			attributes = {
				LastSwiftUpdateCheck = 1250;
				LastUpgradeCheck = 1250;
				TargetAttributes = {
					999C8E8A2685F07000418C31 = {
						CreatedOnToolsVersion = 12.5.1;
					};
				};
			};
			buildConfigurationList = 999C8E862685F07000418C31 /* Build configuration list for PBXProject "iTunesAPIChecker" */;
			compatibilityVersion = "Xcode 9.3";
			developmentRegion = en;
			hasScannedForEncodings = 0;
			knownRegions = (
				en,
				Base,
			);
			mainGroup = 999C8E822685F07000418C31;
			productRefGroup = 999C8E8C2685F07000418C31 /* Products */;
			projectDirPath = "";
			projectRoot = "";
			targets = (
				999C8E8A2685F07000418C31 /* iTunesAPIChecker */,
			);
		};
/* End PBXProject section */

/* Begin PBXResourcesBuildPhase section */
		999C8E892685F07000418C31 /* Resources */ = {
			isa = PBXResourcesBuildPhase;
			buildActionMask = 2147483647;
			files = (
				999C8E9B2685F07200418C31 /* LaunchScreen.storyboard in Resources */,
				999C8E982685F07200418C31 /* Assets.xcassets in Resources */,
				999C8E962685F07000418C31 /* Main.storyboard in Resources */,
			);
			runOnlyForDeploymentPostprocessing = 0;
		};
/* End PBXResourcesBuildPhase section */

/* Begin PBXSourcesBuildPhase section */
		999C8E872685F07000418C31 /* Sources */ = {
			isa = PBXSourcesBuildPhase;
			buildActionMask = 2147483647;
			files = (
				999C8EA52685F4D500418C31 /* MediaContent.swift in Sources */,
				999C8E932685F07000418C31 /* MovieViewController.swift in Sources */,
				999C8E8F2685F07000418C31 /* AppDelegate.swift in Sources */,
				999C8EA32685F4AE00418C31 /* NetworkService.swift in Sources */,
				999C8E912685F07000418C31 /* SceneDelegate.swift in Sources */,
			);
			runOnlyForDeploymentPostprocessing = 0;
		};
/* End PBXSourcesBuildPhase section */

/* Begin PBXVariantGroup section */
		999C8E942685F07000418C31 /* Main.storyboard */ = {
			isa = PBXVariantGroup;
			children = (
				999C8E952685F07000418C31 /* Base */,
			);
			name = Main.storyboard;
			sourceTree = "<group>";
		};
		999C8E992685F07200418C31 /* LaunchScreen.storyboard */ = {
			isa = PBXVariantGroup;
			children = (
				999C8E9A2685F07200418C31 /* Base */,
			);
			name = LaunchScreen.storyboard;
			sourceTree = "<group>";
		};
/* End PBXVariantGroup section */

/* Begin XCBuildConfiguration section */
		999C8E9D2685F07200418C31 /* Debug */ = {
			isa = XCBuildConfiguration;
			buildSettings = {
				ALWAYS_SEARCH_USER_PATHS = NO;
				CLANG_ANALYZER_NONNULL = YES;
				CLANG_ANALYZER_NUMBER_OBJECT_CONVERSION = YES_AGGRESSIVE;
				CLANG_CXX_LANGUAGE_STANDARD = "gnu++14";
				CLANG_CXX_LIBRARY = "libc++";
				CLANG_ENABLE_MODULES = YES;
				CLANG_ENABLE_OBJC_ARC = YES;
				CLANG_ENABLE_OBJC_WEAK = YES;
				CLANG_WARN_BLOCK_CAPTURE_AUTORELEASING = YES;
				CLANG_WARN_BOOL_CONVERSION = YES;
				CLANG_WARN_COMMA = YES;
				CLANG_WARN_CONSTANT_CONVERSION = YES;
				CLANG_WARN_DEPRECATED_OBJC_IMPLEMENTATIONS = YES;
				CLANG_WARN_DIRECT_OBJC_ISA_USAGE = YES_ERROR;
				CLANG_WARN_DOCUMENTATION_COMMENTS = YES;
				CLANG_WARN_EMPTY_BODY = YES;
				CLANG_WARN_ENUM_CONVERSION = YES;
				CLANG_WARN_INFINITE_RECURSION = YES;
				CLANG_WARN_INT_CONVERSION = YES;
				CLANG_WARN_NON_LITERAL_NULL_CONVERSION = YES;
				CLANG_WARN_OBJC_IMPLICIT_RETAIN_SELF = YES;
				CLANG_WARN_OBJC_LITERAL_CONVERSION = YES;
				CLANG_WARN_OBJC_ROOT_CLASS = YES_ERROR;
				CLANG_WARN_QUOTED_INCLUDE_IN_FRAMEWORK_HEADER = YES;
				CLANG_WARN_RANGE_LOOP_ANALYSIS = YES;
				CLANG_WARN_STRICT_PROTOTYPES = YES;
				CLANG_WARN_SUSPICIOUS_MOVE = YES;
				CLANG_WARN_UNGUARDED_AVAILABILITY = YES_AGGRESSIVE;
				CLANG_WARN_UNREACHABLE_CODE = YES;
				CLANG_WARN__DUPLICATE_METHOD_MATCH = YES;
				COPY_PHASE_STRIP = NO;
				DEBUG_INFORMATION_FORMAT = dwarf;
				ENABLE_STRICT_OBJC_MSGSEND = YES;
				ENABLE_TESTABILITY = YES;
				GCC_C_LANGUAGE_STANDARD = gnu11;
				GCC_DYNAMIC_NO_PIC = NO;
				GCC_NO_COMMON_BLOCKS = YES;
				GCC_OPTIMIZATION_LEVEL = 0;
				GCC_PREPROCESSOR_DEFINITIONS = (
					"DEBUG=1",
					"$(inherited)",
				);
				GCC_WARN_64_TO_32_BIT_CONVERSION = YES;
				GCC_WARN_ABOUT_RETURN_TYPE = YES_ERROR;
				GCC_WARN_UNDECLARED_SELECTOR = YES;
				GCC_WARN_UNINITIALIZED_AUTOS = YES_AGGRESSIVE;
				GCC_WARN_UNUSED_FUNCTION = YES;
				GCC_WARN_UNUSED_VARIABLE = YES;
				IPHONEOS_DEPLOYMENT_TARGET = 14.5;
				MTL_ENABLE_DEBUG_INFO = INCLUDE_SOURCE;
				MTL_FAST_MATH = YES;
				ONLY_ACTIVE_ARCH = YES;
				SDKROOT = iphoneos;
				SWIFT_ACTIVE_COMPILATION_CONDITIONS = DEBUG;
				SWIFT_OPTIMIZATION_LEVEL = "-Onone";
			};
			name = Debug;
		};
		999C8E9E2685F07200418C31 /* Release */ = {
			isa = XCBuildConfiguration;
			buildSettings = {
				ALWAYS_SEARCH_USER_PATHS = NO;
				CLANG_ANALYZER_NONNULL = YES;
				CLANG_ANALYZER_NUMBER_OBJECT_CONVERSION = YES_AGGRESSIVE;
				CLANG_CXX_LANGUAGE_STANDARD = "gnu++14";
				CLANG_CXX_LIBRARY = "libc++";
				CLANG_ENABLE_MODULES = YES;
				CLANG_ENABLE_OBJC_ARC = YES;
				CLANG_ENABLE_OBJC_WEAK = YES;
				CLANG_WARN_BLOCK_CAPTURE_AUTORELEASING = YES;
				CLANG_WARN_BOOL_CONVERSION = YES;
				CLANG_WARN_COMMA = YES;
				CLANG_WARN_CONSTANT_CONVERSION = YES;
				CLANG_WARN_DEPRECATED_OBJC_IMPLEMENTATIONS = YES;
				CLANG_WARN_DIRECT_OBJC_ISA_USAGE = YES_ERROR;
				CLANG_WARN_DOCUMENTATION_COMMENTS = YES;
				CLANG_WARN_EMPTY_BODY = YES;
				CLANG_WARN_ENUM_CONVERSION = YES;
				CLANG_WARN_INFINITE_RECURSION = YES;
				CLANG_WARN_INT_CONVERSION = YES;
				CLANG_WARN_NON_LITERAL_NULL_CONVERSION = YES;
				CLANG_WARN_OBJC_IMPLICIT_RETAIN_SELF = YES;
				CLANG_WARN_OBJC_LITERAL_CONVERSION = YES;
				CLANG_WARN_OBJC_ROOT_CLASS = YES_ERROR;
				CLANG_WARN_QUOTED_INCLUDE_IN_FRAMEWORK_HEADER = YES;
				CLANG_WARN_RANGE_LOOP_ANALYSIS = YES;
				CLANG_WARN_STRICT_PROTOTYPES = YES;
				CLANG_WARN_SUSPICIOUS_MOVE = YES;
				CLANG_WARN_UNGUARDED_AVAILABILITY = YES_AGGRESSIVE;
				CLANG_WARN_UNREACHABLE_CODE = YES;
				CLANG_WARN__DUPLICATE_METHOD_MATCH = YES;
				COPY_PHASE_STRIP = NO;
				DEBUG_INFORMATION_FORMAT = "dwarf-with-dsym";
				ENABLE_NS_ASSERTIONS = NO;
				ENABLE_STRICT_OBJC_MSGSEND = YES;
				GCC_C_LANGUAGE_STANDARD = gnu11;
				GCC_NO_COMMON_BLOCKS = YES;
				GCC_WARN_64_TO_32_BIT_CONVERSION = YES;
				GCC_WARN_ABOUT_RETURN_TYPE = YES_ERROR;
				GCC_WARN_UNDECLARED_SELECTOR = YES;
				GCC_WARN_UNINITIALIZED_AUTOS = YES_AGGRESSIVE;
				GCC_WARN_UNUSED_FUNCTION = YES;
				GCC_WARN_UNUSED_VARIABLE = YES;
				IPHONEOS_DEPLOYMENT_TARGET = 14.5;
				MTL_ENABLE_DEBUG_INFO = NO;
				MTL_FAST_MATH = YES;
				SDKROOT = iphoneos;
				SWIFT_COMPILATION_MODE = wholemodule;
				SWIFT_OPTIMIZATION_LEVEL = "-O";
				VALIDATE_PRODUCT = YES;
			};
			name = Release;
		};
		999C8EA02685F07200418C31 /* Debug */ = {
			isa = XCBuildConfiguration;
			buildSettings = {
				ASSETCATALOG_COMPILER_APPICON_NAME = AppIcon;
				ASSETCATALOG_COMPILER_GLOBAL_ACCENT_COLOR_NAME = AccentColor;
				CODE_SIGN_STYLE = Automatic;
				DEVELOPMENT_TEAM = SD7LJ4VSJV;
				INFOPLIST_FILE = iTunesAPIChecker/Info.plist;
				IPHONEOS_DEPLOYMENT_TARGET = 14.1;
				LD_RUNPATH_SEARCH_PATHS = (
					"$(inherited)",
					"@executable_path/Frameworks",
				);
				PRODUCT_BUNDLE_IDENTIFIER = YuriMar.iTunesAPIChecker;
				PRODUCT_NAME = "$(TARGET_NAME)";
				SWIFT_VERSION = 5.0;
				TARGETED_DEVICE_FAMILY = 1;
			};
			name = Debug;
		};
		999C8EA12685F07200418C31 /* Release */ = {
			isa = XCBuildConfiguration;
			buildSettings = {
				ASSETCATALOG_COMPILER_APPICON_NAME = AppIcon;
				ASSETCATALOG_COMPILER_GLOBAL_ACCENT_COLOR_NAME = AccentColor;
				CODE_SIGN_STYLE = Automatic;
				DEVELOPMENT_TEAM = SD7LJ4VSJV;
				INFOPLIST_FILE = iTunesAPIChecker/Info.plist;
				IPHONEOS_DEPLOYMENT_TARGET = 14.1;
				LD_RUNPATH_SEARCH_PATHS = (
					"$(inherited)",
					"@executable_path/Frameworks",
				);
				PRODUCT_BUNDLE_IDENTIFIER = YuriMar.iTunesAPIChecker;
				PRODUCT_NAME = "$(TARGET_NAME)";
				SWIFT_VERSION = 5.0;
				TARGETED_DEVICE_FAMILY = 1;
			};
			name = Release;
		};
/* End XCBuildConfiguration section */

/* Begin XCConfigurationList section */
		999C8E862685F07000418C31 /* Build configuration list for PBXProject "iTunesAPIChecker" */ = {
			isa = XCConfigurationList;
			buildConfigurations = (
				999C8E9D2685F07200418C31 /* Debug */,
				999C8E9E2685F07200418C31 /* Release */,
			);
			defaultConfigurationIsVisible = 0;
			defaultConfigurationName = Release;
		};
		999C8E9F2685F07200418C31 /* Build configuration list for PBXNativeTarget "iTunesAPIChecker" */ = {
			isa = XCConfigurationList;
			buildConfigurations = (
				999C8EA02685F07200418C31 /* Debug */,
				999C8EA12685F07200418C31 /* Release */,
			);
			defaultConfigurationIsVisible = 0;
			defaultConfigurationName = Release;
		};
/* End XCConfigurationList section */
	};
	rootObject = 999C8E832685F07000418C31 /* Project object */;
}
